// !$*UTF8*$!
{
	archiveVersion = 1;
	classes = {
	};
	objectVersion = 46;
	objects = {

/* Begin PBXBuildFile section */
		4415BF241C45A89100494492 /* NLFDownloadManager.swift in Sources */ = {isa = PBXBuildFile; fileRef = 4415BF231C45A89100494492 /* NLFDownloadManager.swift */; };
		4415BF261C45A90700494492 /* NLFDownloadableImageView.swift in Sources */ = {isa = PBXBuildFile; fileRef = 4415BF251C45A90700494492 /* NLFDownloadableImageView.swift */; };
		4450E4241C17739E00522430 /* AppDelegate.swift in Sources */ = {isa = PBXBuildFile; fileRef = 4450E4231C17739E00522430 /* AppDelegate.swift */; };
		4450E4261C17739E00522430 /* FirstViewController.swift in Sources */ = {isa = PBXBuildFile; fileRef = 4450E4251C17739E00522430 /* FirstViewController.swift */; };
		4450E4281C17739E00522430 /* SecondViewController.swift in Sources */ = {isa = PBXBuildFile; fileRef = 4450E4271C17739E00522430 /* SecondViewController.swift */; };
		4450E42B1C17739E00522430 /* Main.storyboard in Resources */ = {isa = PBXBuildFile; fileRef = 4450E4291C17739E00522430 /* Main.storyboard */; };
		4450E42D1C17739F00522430 /* Assets.xcassets in Resources */ = {isa = PBXBuildFile; fileRef = 4450E42C1C17739F00522430 /* Assets.xcassets */; };
		4450E4301C17739F00522430 /* LaunchScreen.storyboard in Resources */ = {isa = PBXBuildFile; fileRef = 4450E42E1C17739F00522430 /* LaunchScreen.storyboard */; };
		4450E43B1C17739F00522430 /* FindMyFriendsTests.swift in Sources */ = {isa = PBXBuildFile; fileRef = 4450E43A1C17739F00522430 /* FindMyFriendsTests.swift */; };
		4450E4461C17739F00522430 /* FindMyFriendsUITests.swift in Sources */ = {isa = PBXBuildFile; fileRef = 4450E4451C17739F00522430 /* FindMyFriendsUITests.swift */; };
		4450E45B1C17792400522430 /* FBSDKCoreKit.framework in Frameworks */ = {isa = PBXBuildFile; fileRef = 4450E45A1C17792400522430 /* FBSDKCoreKit.framework */; };
		4450E45D1C17804500522430 /* FBSDKLoginKit.framework in Frameworks */ = {isa = PBXBuildFile; fileRef = 4450E45C1C17804500522430 /* FBSDKLoginKit.framework */; };
		4450E45F1C17843600522430 /* LoginViewController.swift in Sources */ = {isa = PBXBuildFile; fileRef = 4450E45E1C17843600522430 /* LoginViewController.swift */; };
		4450E4621C1C484700522430 /* Bolts.framework in Frameworks */ = {isa = PBXBuildFile; fileRef = 4450E4601C1C484700522430 /* Bolts.framework */; };
		4450E4631C1C484700522430 /* Parse.framework in Frameworks */ = {isa = PBXBuildFile; fileRef = 4450E4611C1C484700522430 /* Parse.framework */; };
		4450E4651C1C48B300522430 /* AudioToolbox.framework in Frameworks */ = {isa = PBXBuildFile; fileRef = 4450E4641C1C48B300522430 /* AudioToolbox.framework */; };
		4450E4671C1C48BD00522430 /* CFNetwork.framework in Frameworks */ = {isa = PBXBuildFile; fileRef = 4450E4661C1C48BD00522430 /* CFNetwork.framework */; };
		4450E4691C1C48CA00522430 /* CoreGraphics.framework in Frameworks */ = {isa = PBXBuildFile; fileRef = 4450E4681C1C48CA00522430 /* CoreGraphics.framework */; };
		4450E46B1C1C48D500522430 /* CoreLocation.framework in Frameworks */ = {isa = PBXBuildFile; fileRef = 4450E46A1C1C48D500522430 /* CoreLocation.framework */; };
		4450E46D1C1C48E000522430 /* QuartzCore.framework in Frameworks */ = {isa = PBXBuildFile; fileRef = 4450E46C1C1C48E000522430 /* QuartzCore.framework */; };
		4450E46F1C1C48E900522430 /* Security.framework in Frameworks */ = {isa = PBXBuildFile; fileRef = 4450E46E1C1C48E900522430 /* Security.framework */; };
		4450E4711C1C48F400522430 /* StoreKit.framework in Frameworks */ = {isa = PBXBuildFile; fileRef = 4450E4701C1C48F400522430 /* StoreKit.framework */; };
		4450E4731C1C490700522430 /* SystemConfiguration.framework in Frameworks */ = {isa = PBXBuildFile; fileRef = 4450E4721C1C490700522430 /* SystemConfiguration.framework */; };
		4450E4751C1C491B00522430 /* libz.tbd in Frameworks */ = {isa = PBXBuildFile; fileRef = 4450E4741C1C491B00522430 /* libz.tbd */; };
		4450E4771C1C492A00522430 /* libsqlite3.tbd in Frameworks */ = {isa = PBXBuildFile; fileRef = 4450E4761C1C492A00522430 /* libsqlite3.tbd */; };
		4450E4791C1C526100522430 /* ParseFacebookUtilsV4.framework in Frameworks */ = {isa = PBXBuildFile; fileRef = 4450E4781C1C526100522430 /* ParseFacebookUtilsV4.framework */; };
		4450E47C1C1C5AF700522430 /* FriendRelation.swift in Sources */ = {isa = PBXBuildFile; fileRef = 4450E47B1C1C5AF700522430 /* FriendRelation.swift */; };
		4450E47E1C1C5B2E00522430 /* ParseObject.swift in Sources */ = {isa = PBXBuildFile; fileRef = 4450E47D1C1C5B2E00522430 /* ParseObject.swift */; };
		4450E4801C1C5C5700522430 /* Friend.swift in Sources */ = {isa = PBXBuildFile; fileRef = 4450E47F1C1C5C5700522430 /* Friend.swift */; };
/* End PBXBuildFile section */

/* Begin PBXContainerItemProxy section */
		4450E4371C17739F00522430 /* PBXContainerItemProxy */ = {
			isa = PBXContainerItemProxy;
			containerPortal = 4450E4181C17739E00522430 /* Project object */;
			proxyType = 1;
			remoteGlobalIDString = 4450E41F1C17739E00522430;
			remoteInfo = FindMyFriends;
		};
		4450E4421C17739F00522430 /* PBXContainerItemProxy */ = {
			isa = PBXContainerItemProxy;
			containerPortal = 4450E4181C17739E00522430 /* Project object */;
			proxyType = 1;
			remoteGlobalIDString = 4450E41F1C17739E00522430;
			remoteInfo = FindMyFriends;
		};
/* End PBXContainerItemProxy section */

/* Begin PBXFileReference section */
		4415BF231C45A89100494492 /* NLFDownloadManager.swift */ = {isa = PBXFileReference; fileEncoding = 4; lastKnownFileType = sourcecode.swift; path = NLFDownloadManager.swift; sourceTree = "<group>"; };
		4415BF251C45A90700494492 /* NLFDownloadableImageView.swift */ = {isa = PBXFileReference; fileEncoding = 4; lastKnownFileType = sourcecode.swift; path = NLFDownloadableImageView.swift; sourceTree = "<group>"; };
		4450E4201C17739E00522430 /* FindMyFriends.app */ = {isa = PBXFileReference; explicitFileType = wrapper.application; includeInIndex = 0; path = FindMyFriends.app; sourceTree = BUILT_PRODUCTS_DIR; };
		4450E4231C17739E00522430 /* AppDelegate.swift */ = {isa = PBXFileReference; lastKnownFileType = sourcecode.swift; path = AppDelegate.swift; sourceTree = "<group>"; };
		4450E4251C17739E00522430 /* FirstViewController.swift */ = {isa = PBXFileReference; lastKnownFileType = sourcecode.swift; path = FirstViewController.swift; sourceTree = "<group>"; };
		4450E4271C17739E00522430 /* SecondViewController.swift */ = {isa = PBXFileReference; lastKnownFileType = sourcecode.swift; path = SecondViewController.swift; sourceTree = "<group>"; };
		4450E42A1C17739E00522430 /* Base */ = {isa = PBXFileReference; lastKnownFileType = file.storyboard; name = Base; path = Base.lproj/Main.storyboard; sourceTree = "<group>"; };
		4450E42C1C17739F00522430 /* Assets.xcassets */ = {isa = PBXFileReference; lastKnownFileType = folder.assetcatalog; path = Assets.xcassets; sourceTree = "<group>"; };
		4450E42F1C17739F00522430 /* Base */ = {isa = PBXFileReference; lastKnownFileType = file.storyboard; name = Base; path = Base.lproj/LaunchScreen.storyboard; sourceTree = "<group>"; };
		4450E4311C17739F00522430 /* Info.plist */ = {isa = PBXFileReference; lastKnownFileType = text.plist.xml; path = Info.plist; sourceTree = "<group>"; };
		4450E4361C17739F00522430 /* FindMyFriendsTests.xctest */ = {isa = PBXFileReference; explicitFileType = wrapper.cfbundle; includeInIndex = 0; path = FindMyFriendsTests.xctest; sourceTree = BUILT_PRODUCTS_DIR; };
		4450E43A1C17739F00522430 /* FindMyFriendsTests.swift */ = {isa = PBXFileReference; lastKnownFileType = sourcecode.swift; path = FindMyFriendsTests.swift; sourceTree = "<group>"; };
		4450E43C1C17739F00522430 /* Info.plist */ = {isa = PBXFileReference; lastKnownFileType = text.plist.xml; path = Info.plist; sourceTree = "<group>"; };
		4450E4411C17739F00522430 /* FindMyFriendsUITests.xctest */ = {isa = PBXFileReference; explicitFileType = wrapper.cfbundle; includeInIndex = 0; path = FindMyFriendsUITests.xctest; sourceTree = BUILT_PRODUCTS_DIR; };
		4450E4451C17739F00522430 /* FindMyFriendsUITests.swift */ = {isa = PBXFileReference; lastKnownFileType = sourcecode.swift; path = FindMyFriendsUITests.swift; sourceTree = "<group>"; };
		4450E4471C17739F00522430 /* Info.plist */ = {isa = PBXFileReference; lastKnownFileType = text.plist.xml; path = Info.plist; sourceTree = "<group>"; };
		4450E45A1C17792400522430 /* FBSDKCoreKit.framework */ = {isa = PBXFileReference; lastKnownFileType = wrapper.framework; name = FBSDKCoreKit.framework; path = ../../FacebookSDK/FBSDKCoreKit.framework; sourceTree = "<group>"; };
		4450E45C1C17804500522430 /* FBSDKLoginKit.framework */ = {isa = PBXFileReference; lastKnownFileType = wrapper.framework; name = FBSDKLoginKit.framework; path = ../../FacebookSDK/FBSDKLoginKit.framework; sourceTree = "<group>"; };
		4450E45E1C17843600522430 /* LoginViewController.swift */ = {isa = PBXFileReference; fileEncoding = 4; lastKnownFileType = sourcecode.swift; path = LoginViewController.swift; sourceTree = "<group>"; };
		4450E4601C1C484700522430 /* Bolts.framework */ = {isa = PBXFileReference; lastKnownFileType = wrapper.framework; path = Bolts.framework; sourceTree = "<group>"; };
		4450E4611C1C484700522430 /* Parse.framework */ = {isa = PBXFileReference; lastKnownFileType = wrapper.framework; path = Parse.framework; sourceTree = "<group>"; };
		4450E4641C1C48B300522430 /* AudioToolbox.framework */ = {isa = PBXFileReference; lastKnownFileType = wrapper.framework; name = AudioToolbox.framework; path = System/Library/Frameworks/AudioToolbox.framework; sourceTree = SDKROOT; };
		4450E4661C1C48BD00522430 /* CFNetwork.framework */ = {isa = PBXFileReference; lastKnownFileType = wrapper.framework; name = CFNetwork.framework; path = System/Library/Frameworks/CFNetwork.framework; sourceTree = SDKROOT; };
		4450E4681C1C48CA00522430 /* CoreGraphics.framework */ = {isa = PBXFileReference; lastKnownFileType = wrapper.framework; name = CoreGraphics.framework; path = System/Library/Frameworks/CoreGraphics.framework; sourceTree = SDKROOT; };
		4450E46A1C1C48D500522430 /* CoreLocation.framework */ = {isa = PBXFileReference; lastKnownFileType = wrapper.framework; name = CoreLocation.framework; path = System/Library/Frameworks/CoreLocation.framework; sourceTree = SDKROOT; };
		4450E46C1C1C48E000522430 /* QuartzCore.framework */ = {isa = PBXFileReference; lastKnownFileType = wrapper.framework; name = QuartzCore.framework; path = System/Library/Frameworks/QuartzCore.framework; sourceTree = SDKROOT; };
		4450E46E1C1C48E900522430 /* Security.framework */ = {isa = PBXFileReference; lastKnownFileType = wrapper.framework; name = Security.framework; path = System/Library/Frameworks/Security.framework; sourceTree = SDKROOT; };
		4450E4701C1C48F400522430 /* StoreKit.framework */ = {isa = PBXFileReference; lastKnownFileType = wrapper.framework; name = StoreKit.framework; path = System/Library/Frameworks/StoreKit.framework; sourceTree = SDKROOT; };
		4450E4721C1C490700522430 /* SystemConfiguration.framework */ = {isa = PBXFileReference; lastKnownFileType = wrapper.framework; name = SystemConfiguration.framework; path = System/Library/Frameworks/SystemConfiguration.framework; sourceTree = SDKROOT; };
		4450E4741C1C491B00522430 /* libz.tbd */ = {isa = PBXFileReference; lastKnownFileType = "sourcecode.text-based-dylib-definition"; name = libz.tbd; path = usr/lib/libz.tbd; sourceTree = SDKROOT; };
		4450E4761C1C492A00522430 /* libsqlite3.tbd */ = {isa = PBXFileReference; lastKnownFileType = "sourcecode.text-based-dylib-definition"; name = libsqlite3.tbd; path = usr/lib/libsqlite3.tbd; sourceTree = SDKROOT; };
		4450E4781C1C526100522430 /* ParseFacebookUtilsV4.framework */ = {isa = PBXFileReference; lastKnownFileType = wrapper.framework; path = ParseFacebookUtilsV4.framework; sourceTree = "<group>"; };
		4450E47B1C1C5AF700522430 /* FriendRelation.swift */ = {isa = PBXFileReference; fileEncoding = 4; lastKnownFileType = sourcecode.swift; path = FriendRelation.swift; sourceTree = "<group>"; };
		4450E47D1C1C5B2E00522430 /* ParseObject.swift */ = {isa = PBXFileReference; fileEncoding = 4; lastKnownFileType = sourcecode.swift; path = ParseObject.swift; sourceTree = "<group>"; };
		4450E47F1C1C5C5700522430 /* Friend.swift */ = {isa = PBXFileReference; fileEncoding = 4; lastKnownFileType = sourcecode.swift; path = Friend.swift; sourceTree = "<group>"; };
/* End PBXFileReference section */

/* Begin PBXFrameworksBuildPhase section */
		4450E41D1C17739E00522430 /* Frameworks */ = {
			isa = PBXFrameworksBuildPhase;
			buildActionMask = 2147483647;
			files = (
				4450E4771C1C492A00522430 /* libsqlite3.tbd in Frameworks */,
				4450E4751C1C491B00522430 /* libz.tbd in Frameworks */,
				4450E4731C1C490700522430 /* SystemConfiguration.framework in Frameworks */,
				4450E4711C1C48F400522430 /* StoreKit.framework in Frameworks */,
				4450E46F1C1C48E900522430 /* Security.framework in Frameworks */,
				4450E46D1C1C48E000522430 /* QuartzCore.framework in Frameworks */,
				4450E46B1C1C48D500522430 /* CoreLocation.framework in Frameworks */,
				4450E4691C1C48CA00522430 /* CoreGraphics.framework in Frameworks */,
				4450E4671C1C48BD00522430 /* CFNetwork.framework in Frameworks */,
				4450E4651C1C48B300522430 /* AudioToolbox.framework in Frameworks */,
				4450E4621C1C484700522430 /* Bolts.framework in Frameworks */,
				4450E45D1C17804500522430 /* FBSDKLoginKit.framework in Frameworks */,
				4450E4631C1C484700522430 /* Parse.framework in Frameworks */,
				4450E45B1C17792400522430 /* FBSDKCoreKit.framework in Frameworks */,
				4450E4791C1C526100522430 /* ParseFacebookUtilsV4.framework in Frameworks */,
			);
			runOnlyForDeploymentPostprocessing = 0;
		};
		4450E4331C17739F00522430 /* Frameworks */ = {
			isa = PBXFrameworksBuildPhase;
			buildActionMask = 2147483647;
			files = (
			);
			runOnlyForDeploymentPostprocessing = 0;
		};
		4450E43E1C17739F00522430 /* Frameworks */ = {
			isa = PBXFrameworksBuildPhase;
			buildActionMask = 2147483647;
			files = (
			);
			runOnlyForDeploymentPostprocessing = 0;
		};
/* End PBXFrameworksBuildPhase section */

/* Begin PBXGroup section */
		4450E4171C17739E00522430 = {
			isa = PBXGroup;
			children = (
				4450E4551C17775100522430 /* Frameworks */,
				4450E4221C17739E00522430 /* FindMyFriends */,
				4450E4391C17739F00522430 /* FindMyFriendsTests */,
				4450E4441C17739F00522430 /* FindMyFriendsUITests */,
				4450E4211C17739E00522430 /* Products */,
			);
			sourceTree = "<group>";
		};
		4450E4211C17739E00522430 /* Products */ = {
			isa = PBXGroup;
			children = (
				4450E4201C17739E00522430 /* FindMyFriends.app */,
				4450E4361C17739F00522430 /* FindMyFriendsTests.xctest */,
				4450E4411C17739F00522430 /* FindMyFriendsUITests.xctest */,
			);
			name = Products;
			sourceTree = "<group>";
		};
		4450E4221C17739E00522430 /* FindMyFriends */ = {
			isa = PBXGroup;
			children = (
				4450E47A1C1C5AD500522430 /* Models */,
				4450E4231C17739E00522430 /* AppDelegate.swift */,
				4450E4251C17739E00522430 /* FirstViewController.swift */,
				4450E4271C17739E00522430 /* SecondViewController.swift */,
				4450E4291C17739E00522430 /* Main.storyboard */,
				4450E42C1C17739F00522430 /* Assets.xcassets */,
				4450E42E1C17739F00522430 /* LaunchScreen.storyboard */,
				4450E4311C17739F00522430 /* Info.plist */,
				4450E45E1C17843600522430 /* LoginViewController.swift */,
			);
			path = FindMyFriends;
			sourceTree = "<group>";
		};
		4450E4391C17739F00522430 /* FindMyFriendsTests */ = {
			isa = PBXGroup;
			children = (
				4450E43A1C17739F00522430 /* FindMyFriendsTests.swift */,
				4450E43C1C17739F00522430 /* Info.plist */,
			);
			path = FindMyFriendsTests;
			sourceTree = "<group>";
		};
		4450E4441C17739F00522430 /* FindMyFriendsUITests */ = {
			isa = PBXGroup;
			children = (
				4450E4451C17739F00522430 /* FindMyFriendsUITests.swift */,
				4450E4471C17739F00522430 /* Info.plist */,
			);
			path = FindMyFriendsUITests;
			sourceTree = "<group>";
		};
		4450E4551C17775100522430 /* Frameworks */ = {
			isa = PBXGroup;
			children = (
				4450E4761C1C492A00522430 /* libsqlite3.tbd */,
				4450E4741C1C491B00522430 /* libz.tbd */,
				4450E4781C1C526100522430 /* ParseFacebookUtilsV4.framework */,
				4450E4721C1C490700522430 /* SystemConfiguration.framework */,
				4450E4701C1C48F400522430 /* StoreKit.framework */,
				4450E46E1C1C48E900522430 /* Security.framework */,
				4450E46C1C1C48E000522430 /* QuartzCore.framework */,
				4450E46A1C1C48D500522430 /* CoreLocation.framework */,
				4450E4681C1C48CA00522430 /* CoreGraphics.framework */,
				4450E4661C1C48BD00522430 /* CFNetwork.framework */,
				4450E4641C1C48B300522430 /* AudioToolbox.framework */,
				4450E4601C1C484700522430 /* Bolts.framework */,
				4450E4611C1C484700522430 /* Parse.framework */,
				4450E45C1C17804500522430 /* FBSDKLoginKit.framework */,
				4450E45A1C17792400522430 /* FBSDKCoreKit.framework */,
			);
			name = Frameworks;
			sourceTree = "<group>";
		};
		4450E47A1C1C5AD500522430 /* Models */ = {
			isa = PBXGroup;
			children = (
				4450E47B1C1C5AF700522430 /* FriendRelation.swift */,
				4450E47D1C1C5B2E00522430 /* ParseObject.swift */,
				4450E47F1C1C5C5700522430 /* Friend.swift */,
				4415BF231C45A89100494492 /* NLFDownloadManager.swift */,
				4415BF251C45A90700494492 /* NLFDownloadableImageView.swift */,
			);
			name = Models;
			sourceTree = "<group>";
		};
/* End PBXGroup section */

/* Begin PBXNativeTarget section */
		4450E41F1C17739E00522430 /* FindMyFriends */ = {
			isa = PBXNativeTarget;
			buildConfigurationList = 4450E44A1C17739F00522430 /* Build configuration list for PBXNativeTarget "FindMyFriends" */;
			buildPhases = (
				4450E41C1C17739E00522430 /* Sources */,
				4450E41D1C17739E00522430 /* Frameworks */,
				4450E41E1C17739E00522430 /* Resources */,
			);
			buildRules = (
			);
			dependencies = (
			);
			name = FindMyFriends;
			productName = FindMyFriends;
			productReference = 4450E4201C17739E00522430 /* FindMyFriends.app */;
			productType = "com.apple.product-type.application";
		};
		4450E4351C17739F00522430 /* FindMyFriendsTests */ = {
			isa = PBXNativeTarget;
			buildConfigurationList = 4450E44D1C17739F00522430 /* Build configuration list for PBXNativeTarget "FindMyFriendsTests" */;
			buildPhases = (
				4450E4321C17739F00522430 /* Sources */,
				4450E4331C17739F00522430 /* Frameworks */,
				4450E4341C17739F00522430 /* Resources */,
			);
			buildRules = (
			);
			dependencies = (
				4450E4381C17739F00522430 /* PBXTargetDependency */,
			);
			name = FindMyFriendsTests;
			productName = FindMyFriendsTests;
			productReference = 4450E4361C17739F00522430 /* FindMyFriendsTests.xctest */;
			productType = "com.apple.product-type.bundle.unit-test";
		};
		4450E4401C17739F00522430 /* FindMyFriendsUITests */ = {
			isa = PBXNativeTarget;
			buildConfigurationList = 4450E4501C17739F00522430 /* Build configuration list for PBXNativeTarget "FindMyFriendsUITests" */;
			buildPhases = (
				4450E43D1C17739F00522430 /* Sources */,
				4450E43E1C17739F00522430 /* Frameworks */,
				4450E43F1C17739F00522430 /* Resources */,
			);
			buildRules = (
			);
			dependencies = (
				4450E4431C17739F00522430 /* PBXTargetDependency */,
			);
			name = FindMyFriendsUITests;
			productName = FindMyFriendsUITests;
			productReference = 4450E4411C17739F00522430 /* FindMyFriendsUITests.xctest */;
			productType = "com.apple.product-type.bundle.ui-testing";
		};
/* End PBXNativeTarget section */

/* Begin PBXProject section */
		4450E4181C17739E00522430 /* Project object */ = {
			isa = PBXProject;
			attributes = {
				KnownAssetTags = (
					100,
				);
				LastSwiftUpdateCheck = 0710;
				LastUpgradeCheck = 0710;
				ORGANIZATIONNAME = "Cristina Radulescu";
				TargetAttributes = {
					4450E41F1C17739E00522430 = {
						CreatedOnToolsVersion = 7.1.1;
					};
					4450E4351C17739F00522430 = {
						CreatedOnToolsVersion = 7.1.1;
						TestTargetID = 4450E41F1C17739E00522430;
					};
					4450E4401C17739F00522430 = {
						CreatedOnToolsVersion = 7.1.1;
						TestTargetID = 4450E41F1C17739E00522430;
					};
				};
			};
			buildConfigurationList = 4450E41B1C17739E00522430 /* Build configuration list for PBXProject "FindMyFriends" */;
			compatibilityVersion = "Xcode 3.2";
			developmentRegion = English;
			hasScannedForEncodings = 0;
			knownRegions = (
				en,
				Base,
			);
			mainGroup = 4450E4171C17739E00522430;
			productRefGroup = 4450E4211C17739E00522430 /* Products */;
			projectDirPath = "";
			projectRoot = "";
			targets = (
				4450E41F1C17739E00522430 /* FindMyFriends */,
				4450E4351C17739F00522430 /* FindMyFriendsTests */,
				4450E4401C17739F00522430 /* FindMyFriendsUITests */,
			);
		};
/* End PBXProject section */

/* Begin PBXResourcesBuildPhase section */
		4450E41E1C17739E00522430 /* Resources */ = {
			isa = PBXResourcesBuildPhase;
			buildActionMask = 2147483647;
			files = (
				4450E4301C17739F00522430 /* LaunchScreen.storyboard in Resources */,
				4450E42D1C17739F00522430 /* Assets.xcassets in Resources */,
				4450E42B1C17739E00522430 /* Main.storyboard in Resources */,
			);
			runOnlyForDeploymentPostprocessing = 0;
		};
		4450E4341C17739F00522430 /* Resources */ = {
			isa = PBXResourcesBuildPhase;
			buildActionMask = 2147483647;
			files = (
			);
			runOnlyForDeploymentPostprocessing = 0;
		};
		4450E43F1C17739F00522430 /* Resources */ = {
			isa = PBXResourcesBuildPhase;
			buildActionMask = 2147483647;
			files = (
			);
			runOnlyForDeploymentPostprocessing = 0;
		};
/* End PBXResourcesBuildPhase section */

/* Begin PBXSourcesBuildPhase section */
		4450E41C1C17739E00522430 /* Sources */ = {
			isa = PBXSourcesBuildPhase;
			buildActionMask = 2147483647;
			files = (
				4450E47C1C1C5AF700522430 /* FriendRelation.swift in Sources */,
				4450E4801C1C5C5700522430 /* Friend.swift in Sources */,
				4450E45F1C17843600522430 /* LoginViewController.swift in Sources */,
				4450E47E1C1C5B2E00522430 /* ParseObject.swift in Sources */,
				4450E4281C17739E00522430 /* SecondViewController.swift in Sources */,
				4415BF261C45A90700494492 /* NLFDownloadableImageView.swift in Sources */,
				4450E4241C17739E00522430 /* AppDelegate.swift in Sources */,
				4415BF241C45A89100494492 /* NLFDownloadManager.swift in Sources */,
				4450E4261C17739E00522430 /* FirstViewController.swift in Sources */,
			);
			runOnlyForDeploymentPostprocessing = 0;
		};
		4450E4321C17739F00522430 /* Sources */ = {
			isa = PBXSourcesBuildPhase;
			buildActionMask = 2147483647;
			files = (
				4450E43B1C17739F00522430 /* FindMyFriendsTests.swift in Sources */,
			);
			runOnlyForDeploymentPostprocessing = 0;
		};
		4450E43D1C17739F00522430 /* Sources */ = {
			isa = PBXSourcesBuildPhase;
			buildActionMask = 2147483647;
			files = (
				4450E4461C17739F00522430 /* FindMyFriendsUITests.swift in Sources */,
			);
			runOnlyForDeploymentPostprocessing = 0;
		};
/* End PBXSourcesBuildPhase section */

/* Begin PBXTargetDependency section */
		4450E4381C17739F00522430 /* PBXTargetDependency */ = {
			isa = PBXTargetDependency;
			target = 4450E41F1C17739E00522430 /* FindMyFriends */;
			targetProxy = 4450E4371C17739F00522430 /* PBXContainerItemProxy */;
		};
		4450E4431C17739F00522430 /* PBXTargetDependency */ = {
			isa = PBXTargetDependency;
			target = 4450E41F1C17739E00522430 /* FindMyFriends */;
			targetProxy = 4450E4421C17739F00522430 /* PBXContainerItemProxy */;
		};
/* End PBXTargetDependency section */

/* Begin PBXVariantGroup section */
		4450E4291C17739E00522430 /* Main.storyboard */ = {
			isa = PBXVariantGroup;
			children = (
				4450E42A1C17739E00522430 /* Base */,
			);
			name = Main.storyboard;
			sourceTree = "<group>";
		};
		4450E42E1C17739F00522430 /* LaunchScreen.storyboard */ = {
			isa = PBXVariantGroup;
			children = (
				4450E42F1C17739F00522430 /* Base */,
			);
			name = LaunchScreen.storyboard;
			sourceTree = "<group>";
		};
/* End PBXVariantGroup section */

/* Begin XCBuildConfiguration section */
		4450E4481C17739F00522430 /* Debug */ = {
			isa = XCBuildConfiguration;
			buildSettings = {
				ALWAYS_SEARCH_USER_PATHS = NO;
				CLANG_CXX_LANGUAGE_STANDARD = "gnu++0x";
				CLANG_CXX_LIBRARY = "libc++";
				CLANG_ENABLE_MODULES = YES;
				CLANG_ENABLE_OBJC_ARC = YES;
				CLANG_WARN_BOOL_CONVERSION = YES;
				CLANG_WARN_CONSTANT_CONVERSION = YES;
				CLANG_WARN_DIRECT_OBJC_ISA_USAGE = YES_ERROR;
				CLANG_WARN_EMPTY_BODY = YES;
				CLANG_WARN_ENUM_CONVERSION = YES;
				CLANG_WARN_INT_CONVERSION = YES;
				CLANG_WARN_OBJC_ROOT_CLASS = YES_ERROR;
				CLANG_WARN_UNREACHABLE_CODE = YES;
				CLANG_WARN__DUPLICATE_METHOD_MATCH = YES;
				"CODE_SIGN_IDENTITY[sdk=iphoneos*]" = "iPhone Developer";
				COPY_PHASE_STRIP = NO;
				DEBUG_INFORMATION_FORMAT = dwarf;
				ENABLE_STRICT_OBJC_MSGSEND = YES;
				ENABLE_TESTABILITY = YES;
				GCC_C_LANGUAGE_STANDARD = gnu99;
				GCC_DYNAMIC_NO_PIC = NO;
				GCC_NO_COMMON_BLOCKS = YES;
				GCC_OPTIMIZATION_LEVEL = 0;
				GCC_PREPROCESSOR_DEFINITIONS = (
					"DEBUG=1",
					"$(inherited)",
				);
				GCC_WARN_64_TO_32_BIT_CONVERSION = YES;
				GCC_WARN_ABOUT_RETURN_TYPE = YES_ERROR;
				GCC_WARN_UNDECLARED_SELECTOR = YES;
				GCC_WARN_UNINITIALIZED_AUTOS = YES_AGGRESSIVE;
				GCC_WARN_UNUSED_FUNCTION = YES;
				GCC_WARN_UNUSED_VARIABLE = YES;
				IPHONEOS_DEPLOYMENT_TARGET = 9.1;
				MTL_ENABLE_DEBUG_INFO = YES;
				ONLY_ACTIVE_ARCH = YES;
				SDKROOT = iphoneos;
				SWIFT_OPTIMIZATION_LEVEL = "-Onone";
			};
			name = Debug;
		};
		4450E4491C17739F00522430 /* Release */ = {
			isa = XCBuildConfiguration;
			buildSettings = {
				ALWAYS_SEARCH_USER_PATHS = NO;
				CLANG_CXX_LANGUAGE_STANDARD = "gnu++0x";
				CLANG_CXX_LIBRARY = "libc++";
				CLANG_ENABLE_MODULES = YES;
				CLANG_ENABLE_OBJC_ARC = YES;
				CLANG_WARN_BOOL_CONVERSION = YES;
				CLANG_WARN_CONSTANT_CONVERSION = YES;
				CLANG_WARN_DIRECT_OBJC_ISA_USAGE = YES_ERROR;
				CLANG_WARN_EMPTY_BODY = YES;
				CLANG_WARN_ENUM_CONVERSION = YES;
				CLANG_WARN_INT_CONVERSION = YES;
				CLANG_WARN_OBJC_ROOT_CLASS = YES_ERROR;
				CLANG_WARN_UNREACHABLE_CODE = YES;
				CLANG_WARN__DUPLICATE_METHOD_MATCH = YES;
				"CODE_SIGN_IDENTITY[sdk=iphoneos*]" = "iPhone Developer";
				COPY_PHASE_STRIP = NO;
				DEBUG_INFORMATION_FORMAT = "dwarf-with-dsym";
				ENABLE_NS_ASSERTIONS = NO;
				ENABLE_STRICT_OBJC_MSGSEND = YES;
				GCC_C_LANGUAGE_STANDARD = gnu99;
				GCC_NO_COMMON_BLOCKS = YES;
				GCC_WARN_64_TO_32_BIT_CONVERSION = YES;
				GCC_WARN_ABOUT_RETURN_TYPE = YES_ERROR;
				GCC_WARN_UNDECLARED_SELECTOR = YES;
				GCC_WARN_UNINITIALIZED_AUTOS = YES_AGGRESSIVE;
				GCC_WARN_UNUSED_FUNCTION = YES;
				GCC_WARN_UNUSED_VARIABLE = YES;
				IPHONEOS_DEPLOYMENT_TARGET = 9.1;
				MTL_ENABLE_DEBUG_INFO = NO;
				SDKROOT = iphoneos;
				VALIDATE_PRODUCT = YES;
			};
			name = Release;
		};
		4450E44B1C17739F00522430 /* Debug */ = {
			isa = XCBuildConfiguration;
			buildSettings = {
				ASSETCATALOG_COMPILER_APPICON_NAME = AppIcon;
				FRAMEWORK_SEARCH_PATHS = (
					"$(inherited)",
					"$(PROJECT_DIR)",
					/Users/cristinaradulescu/Documents/FacebookSDK,
				);
				INFOPLIST_FILE = FindMyFriends/Info.plist;
				LD_RUNPATH_SEARCH_PATHS = "$(inherited) @executable_path/Frameworks";
				PRODUCT_BUNDLE_IDENTIFIER = Disertatie.FindMyFriends;
				PRODUCT_NAME = "$(TARGET_NAME)";
			};
			name = Debug;
		};
		4450E44C1C17739F00522430 /* Release */ = {
			isa = XCBuildConfiguration;
			buildSettings = {
				ASSETCATALOG_COMPILER_APPICON_NAME = AppIcon;
				FRAMEWORK_SEARCH_PATHS = (
					"$(inherited)",
					"$(PROJECT_DIR)",
					/Users/cristinaradulescu/Documents/FacebookSDK,
				);
				INFOPLIST_FILE = FindMyFriends/Info.plist;
				LD_RUNPATH_SEARCH_PATHS = "$(inherited) @executable_path/Frameworks";
				PRODUCT_BUNDLE_IDENTIFIER = Disertatie.FindMyFriends;
				PRODUCT_NAME = "$(TARGET_NAME)";
			};
			name = Release;
		};
		4450E44E1C17739F00522430 /* Debug */ = {
			isa = XCBuildConfiguration;
			buildSettings = {
				BUNDLE_LOADER = "$(TEST_HOST)";
				INFOPLIST_FILE = FindMyFriendsTests/Info.plist;
				LD_RUNPATH_SEARCH_PATHS = "$(inherited) @executable_path/Frameworks @loader_path/Frameworks";
				PRODUCT_BUNDLE_IDENTIFIER = Disertatie.FindMyFriendsTests;
				PRODUCT_NAME = "$(TARGET_NAME)";
				TEST_HOST = "$(BUILT_PRODUCTS_DIR)/FindMyFriends.app/FindMyFriends";
			};
			name = Debug;
		};
		4450E44F1C17739F00522430 /* Release */ = {
			isa = XCBuildConfiguration;
			buildSettings = {
				BUNDLE_LOADER = "$(TEST_HOST)";
				INFOPLIST_FILE = FindMyFriendsTests/Info.plist;
				LD_RUNPATH_SEARCH_PATHS = "$(inherited) @executable_path/Frameworks @loader_path/Frameworks";
				PRODUCT_BUNDLE_IDENTIFIER = Disertatie.FindMyFriendsTests;
				PRODUCT_NAME = "$(TARGET_NAME)";
				TEST_HOST = "$(BUILT_PRODUCTS_DIR)/FindMyFriends.app/FindMyFriends";
			};
			name = Release;
		};
		4450E4511C17739F00522430 /* Debug */ = {
			isa = XCBuildConfiguration;
			buildSettings = {
				INFOPLIST_FILE = FindMyFriendsUITests/Info.plist;
				LD_RUNPATH_SEARCH_PATHS = "$(inherited) @executable_path/Frameworks @loader_path/Frameworks";
				PRODUCT_BUNDLE_IDENTIFIER = Disertatie.FindMyFriendsUITests;
				PRODUCT_NAME = "$(TARGET_NAME)";
				TEST_TARGET_NAME = FindMyFriends;
				USES_XCTRUNNER = YES;
			};
			name = Debug;
		};
		4450E4521C17739F00522430 /* Release */ = {
			isa = XCBuildConfiguration;
			buildSettings = {
				INFOPLIST_FILE = FindMyFriendsUITests/Info.plist;
				LD_RUNPATH_SEARCH_PATHS = "$(inherited) @executable_path/Frameworks @loader_path/Frameworks";
				PRODUCT_BUNDLE_IDENTIFIER = Disertatie.FindMyFriendsUITests;
				PRODUCT_NAME = "$(TARGET_NAME)";
				TEST_TARGET_NAME = FindMyFriends;
				USES_XCTRUNNER = YES;
			};
			name = Release;
		};
/* End XCBuildConfiguration section */

/* Begin XCConfigurationList section */
		4450E41B1C17739E00522430 /* Build configuration list for PBXProject "FindMyFriends" */ = {
			isa = XCConfigurationList;
			buildConfigurations = (
				4450E4481C17739F00522430 /* Debug */,
				4450E4491C17739F00522430 /* Release */,
			);
			defaultConfigurationIsVisible = 0;
			defaultConfigurationName = Release;
		};
		4450E44A1C17739F00522430 /* Build configuration list for PBXNativeTarget "FindMyFriends" */ = {
			isa = XCConfigurationList;
			buildConfigurations = (
				4450E44B1C17739F00522430 /* Debug */,
				4450E44C1C17739F00522430 /* Release */,
			);
			defaultConfigurationIsVisible = 0;
			defaultConfigurationName = Release;
		};
		4450E44D1C17739F00522430 /* Build configuration list for PBXNativeTarget "FindMyFriendsTests" */ = {
			isa = XCConfigurationList;
			buildConfigurations = (
				4450E44E1C17739F00522430 /* Debug */,
				4450E44F1C17739F00522430 /* Release */,
			);
			defaultConfigurationIsVisible = 0;
			defaultConfigurationName = Release;
		};
		4450E4501C17739F00522430 /* Build configuration list for PBXNativeTarget "FindMyFriendsUITests" */ = {
			isa = XCConfigurationList;
			buildConfigurations = (
				4450E4511C17739F00522430 /* Debug */,
				4450E4521C17739F00522430 /* Release */,
			);
			defaultConfigurationIsVisible = 0;
			defaultConfigurationName = Release;
		};
/* End XCConfigurationList section */
	};
	rootObject = 4450E4181C17739E00522430 /* Project object */;
}
